Microsoft Visual Studio Solution File, Format Version 12.00
# Visual Studio Version 16
VisualStudioVersion = 16.0.29509.3
MinimumVisualStudioVersion = 10.0.40219.1
Project("{8BC9CEB8-8B4A-11D0-8D11-00A0C91BC942}") = "bounce", "bounce.vcxproj", "{1855357A-AC27-4FA9-88B8-79CEC956D5AD}"
EndProject
Global
	GlobalSection(SolutionConfigurationPlatforms) = preSolution
		Debug|x86 = Debug|x86
		Release|x86 = Release|x86
	EndGlobalSection
	GlobalSection(ProjectConfigurationPlatforms) = postSolution
		{1855357A-AC27-4FA9-88B8-79CEC956D5AD}.Debug|x86.ActiveCfg = Debug|Win32
		{1855357A-AC27-4FA9-88B8-79CEC956D5AD}.Debug|x86.Build.0 = Debug|Win32
		{1855357A-AC27-4FA9-88B8-79CEC956D5AD}.Release|x86.ActiveCfg = Release|Win32
		{1855357A-AC27-4FA9-88B8-79CEC956D5AD}.Release|x86.Build.0 = Release|Win32
	EndGlobalSection
	GlobalSection(SolutionProperties) = preSolution
		HideSolutionNode = FALSE
	EndGlobalSection
	GlobalSection(ExtensibilityGlobals) = postSolution
		SolutionGuid = {32893205-8212-470A-8648-CF073D308BA6}
	EndGlobalSection
EndGlobal
