Microsoft Visual Studio Solution File, Format Version 12.00
# Visual Studio Version 16
VisualStudioVersion = 16.0.29509.3
MinimumVisualStudioVersion = 10.0.40219.1
Project("{8BC9CEB8-8B4A-11D0-8D11-00A0C91BC942}") = "VBO", "VBO.vcxproj", "{BF0B41CD-E565-4DD9-A253-FC7EF4489C93}"
EndProject
Global
	GlobalSection(SolutionConfigurationPlatforms) = preSolution
		Debug|x86 = Debug|x86
		Release|x86 = Release|x86
	EndGlobalSection
	GlobalSection(ProjectConfigurationPlatforms) = postSolution
		{BF0B41CD-E565-4DD9-A253-FC7EF4489C93}.Debug|x86.ActiveCfg = Debug|Win32
		{BF0B41CD-E565-4DD9-A253-FC7EF4489C93}.Debug|x86.Build.0 = Debug|Win32
		{BF0B41CD-E565-4DD9-A253-FC7EF4489C93}.Release|x86.ActiveCfg = Release|Win32
		{BF0B41CD-E565-4DD9-A253-FC7EF4489C93}.Release|x86.Build.0 = Release|Win32
	EndGlobalSection
	GlobalSection(SolutionProperties) = preSolution
		HideSolutionNode = FALSE
	EndGlobalSection
	GlobalSection(ExtensibilityGlobals) = postSolution
		SolutionGuid = {6F701A2F-7A62-4F51-9E40-073E2221D2DD}
	EndGlobalSection
EndGlobal
