Microsoft Visual Studio Solution File, Format Version 12.00
# Visual Studio Version 16
VisualStudioVersion = 16.0.29509.3
MinimumVisualStudioVersion = 10.0.40219.1
Project("{8BC9CEB8-8B4A-11D0-8D11-00A0C91BC942}") = "nurbc", "nurbc.vcxproj", "{8E050D3C-C685-4BC5-808C-EB68CDFA140B}"
EndProject
Global
	GlobalSection(SolutionConfigurationPlatforms) = preSolution
		Debug|x86 = Debug|x86
		Release|x86 = Release|x86
	EndGlobalSection
	GlobalSection(ProjectConfigurationPlatforms) = postSolution
		{8E050D3C-C685-4BC5-808C-EB68CDFA140B}.Debug|x86.ActiveCfg = Debug|Win32
		{8E050D3C-C685-4BC5-808C-EB68CDFA140B}.Debug|x86.Build.0 = Debug|Win32
		{8E050D3C-C685-4BC5-808C-EB68CDFA140B}.Release|x86.ActiveCfg = Release|Win32
		{8E050D3C-C685-4BC5-808C-EB68CDFA140B}.Release|x86.Build.0 = Release|Win32
	EndGlobalSection
	GlobalSection(SolutionProperties) = preSolution
		HideSolutionNode = FALSE
	EndGlobalSection
	GlobalSection(ExtensibilityGlobals) = postSolution
		SolutionGuid = {EA084548-954D-474D-9F5F-427276C9568C}
	EndGlobalSection
EndGlobal
