Microsoft Visual Studio Solution File, Format Version 12.00
# Visual Studio Version 16
VisualStudioVersion = 16.0.29509.3
MinimumVisualStudioVersion = 10.0.40219.1
Project("{8BC9CEB8-8B4A-11D0-8D11-00A0C91BC942}") = "snowman", "snowman.vcxproj", "{9B56DE1A-59C7-4B68-9956-5E93312D8C7E}"
EndProject
Global
	GlobalSection(SolutionConfigurationPlatforms) = preSolution
		Debug|x86 = Debug|x86
		Release|x86 = Release|x86
	EndGlobalSection
	GlobalSection(ProjectConfigurationPlatforms) = postSolution
		{9B56DE1A-59C7-4B68-9956-5E93312D8C7E}.Debug|x86.ActiveCfg = Debug|Win32
		{9B56DE1A-59C7-4B68-9956-5E93312D8C7E}.Debug|x86.Build.0 = Debug|Win32
		{9B56DE1A-59C7-4B68-9956-5E93312D8C7E}.Release|x86.ActiveCfg = Release|Win32
		{9B56DE1A-59C7-4B68-9956-5E93312D8C7E}.Release|x86.Build.0 = Release|Win32
	EndGlobalSection
	GlobalSection(SolutionProperties) = preSolution
		HideSolutionNode = FALSE
	EndGlobalSection
	GlobalSection(ExtensibilityGlobals) = postSolution
		SolutionGuid = {2FAC59AC-DEC0-4C92-AA05-483249D26068}
	EndGlobalSection
EndGlobal
